
Microsoft Visual Studio Solution File, Format Version 12.00
# Visual Studio 2012
Project("{8BC9CEB8-8B4A-11D0-8D11-00A0C91BC942}") = "StockSystem", "StockSystem\StockSystem.vcxproj", "{FE5D2EE6-EEA9-3BEB-9979-DA984B601F08}"
EndProject
Project("{8BC9CEB8-8B4A-11D0-8D11-00A0C91BC942}") = "sfcDemo", "sfcDemo\sfcDemo.vcxproj", "{B896CDC7-3481-420F-8F87-A103994FB386}"
EndProject
Project("{8BC9CEB8-8B4A-11D0-8D11-00A0C91BC942}") = "algo_forecast", "algo_forecast\algo_forecast.vcxproj", "{B2B44836-1727-40CF-A7F6-1B393E8795A6}"
EndProject
Project("{8BC9CEB8-8B4A-11D0-8D11-00A0C91BC942}") = "StkQuoter", "..\mytrd_proj\StkQuoter\StkQuoter.vcxproj", "{BB9A46F9-A170-4AA7-98D4-B28294083D55}"
EndProject
Global
	GlobalSection(SolutionConfigurationPlatforms) = preSolution
		Debug|Win32 = Debug|Win32
		Release|Win32 = Release|Win32
	EndGlobalSection
	GlobalSection(ProjectConfigurationPlatforms) = postSolution
		{FE5D2EE6-EEA9-3BEB-9979-DA984B601F08}.Debug|Win32.ActiveCfg = Debug|Win32
		{FE5D2EE6-EEA9-3BEB-9979-DA984B601F08}.Debug|Win32.Build.0 = Debug|Win32
		{FE5D2EE6-EEA9-3BEB-9979-DA984B601F08}.Release|Win32.ActiveCfg = Release|Win32
		{FE5D2EE6-EEA9-3BEB-9979-DA984B601F08}.Release|Win32.Build.0 = Release|Win32
		{B896CDC7-3481-420F-8F87-A103994FB386}.Debug|Win32.ActiveCfg = Debug|Win32
		{B896CDC7-3481-420F-8F87-A103994FB386}.Debug|Win32.Build.0 = Debug|Win32
		{B896CDC7-3481-420F-8F87-A103994FB386}.Release|Win32.ActiveCfg = Release|Win32
		{B896CDC7-3481-420F-8F87-A103994FB386}.Release|Win32.Build.0 = Release|Win32
		{B2B44836-1727-40CF-A7F6-1B393E8795A6}.Debug|Win32.ActiveCfg = Debug|Win32
		{B2B44836-1727-40CF-A7F6-1B393E8795A6}.Debug|Win32.Build.0 = Debug|Win32
		{B2B44836-1727-40CF-A7F6-1B393E8795A6}.Release|Win32.ActiveCfg = Release|Win32
		{B2B44836-1727-40CF-A7F6-1B393E8795A6}.Release|Win32.Build.0 = Release|Win32
		{BB9A46F9-A170-4AA7-98D4-B28294083D55}.Debug|Win32.ActiveCfg = Debug|Win32
		{BB9A46F9-A170-4AA7-98D4-B28294083D55}.Debug|Win32.Build.0 = Debug|Win32
		{BB9A46F9-A170-4AA7-98D4-B28294083D55}.Release|Win32.ActiveCfg = Release|Win32
		{BB9A46F9-A170-4AA7-98D4-B28294083D55}.Release|Win32.Build.0 = Release|Win32
	EndGlobalSection
	GlobalSection(SolutionProperties) = preSolution
		HideSolutionNode = FALSE
	EndGlobalSection
EndGlobal
