<?xml version="1.0" encoding="utf-8"?>
<Project ToolsVersion="4.0" xmlns="http://schemas.microsoft.com/developer/msbuild/2003">
  <ItemGroup>
    <Filter Include="Form Files">
      <UniqueIdentifier>{99349809-55BA-4b9d-BF79-8FDBB0286EB3}</UniqueIdentifier>
      <Extensions>ui</Extensions>
      <ParseFiles>false</ParseFiles>
    </Filter>
    <Filter Include="Form Files">
      <UniqueIdentifier>{99349809-55BA-4b9d-BF79-8FDBB0286EB3}</UniqueIdentifier>
      <Extensions>ui</Extensions>
      <ParseFiles>false</ParseFiles>
    </Filter>
    <Filter Include="Generated Files">
      <UniqueIdentifier>{71ED8ED8-ACB9-4CE9-BBE1-E00B30144E11}</UniqueIdentifier>
      <Extensions>cpp;c;cxx;moc;h;def;odl;idl;res;</Extensions>
    </Filter>
    <Filter Include="Generated Files">
      <UniqueIdentifier>{71ED8ED8-ACB9-4CE9-BBE1-E00B30144E11}</UniqueIdentifier>
      <Extensions>cpp;c;cxx;moc;h;def;odl;idl;res;</Extensions>
    </Filter>
    <Filter Include="Generated Files\Debug">
      <UniqueIdentifier>{048ec6b4-39f6-4e67-abfb-1d1d96d5f372}</UniqueIdentifier>
      <Extensions>cpp;moc</Extensions>
      <SourceControlFiles>False</SourceControlFiles>
    </Filter>
    <Filter Include="Generated Files\Release">
      <UniqueIdentifier>{cc9bb907-6089-4f93-836b-a140a2768cab}</UniqueIdentifier>
      <Extensions>cpp;moc</Extensions>
      <SourceControlFiles>False</SourceControlFiles>
    </Filter>
    <Filter Include="moudle">
      <UniqueIdentifier>{3d7a0421-9b63-4e76-9ce8-48a7cb011368}</UniqueIdentifier>
    </Filter>
    <Filter Include="include">
      <UniqueIdentifier>{93995380-89BD-4b04-88EB-625FBE52EBFB}</UniqueIdentifier>
      <Extensions>h;hpp;hxx;hm;inl;inc;xsd</Extensions>
    </Filter>
    <Filter Include="src">
      <UniqueIdentifier>{4FC737F1-C7A5-4376-A066-2A32D752A2FF}</UniqueIdentifier>
      <Extensions>cpp;c;cxx;def;odl;idl;hpj;bat;asm;asmx</Extensions>
    </Filter>
    <Filter Include="Resource">
      <UniqueIdentifier>{D9D6E242-F8AF-46E4-B9FD-80ECBC20BA3E}</UniqueIdentifier>
      <Extensions>qrc;*</Extensions>
      <ParseFiles>false</ParseFiles>
    </Filter>
    <Filter Include="deprecate">
      <UniqueIdentifier>{96471ab6-d8f8-4d67-9e2d-baed8c470fc8}</UniqueIdentifier>
    </Filter>
    <Filter Include="win">
      <UniqueIdentifier>{33a668c1-7eac-425f-91bb-4411f1d3d620}</UniqueIdentifier>
    </Filter>
    <Filter Include="include\tdxhq">
      <UniqueIdentifier>{e37f4162-6998-4ded-b6de-bd48b215bc69}</UniqueIdentifier>
    </Filter>
    <Filter Include="moudle\ui_moudle">
      <UniqueIdentifier>{8cf90e0a-ee2d-4bdc-89bb-bbbbed548746}</UniqueIdentifier>
    </Filter>
    <Filter Include="moudle\tdx">
      <UniqueIdentifier>{7b0db0fd-5ae5-4d91-b72f-3c7a904ae28f}</UniqueIdentifier>
    </Filter>
    <Filter Include="moudle\python">
      <UniqueIdentifier>{33da4693-c0ff-4697-97bc-2c9a215e4a81}</UniqueIdentifier>
    </Filter>
    <Filter Include="moudle\zhibiao">
      <UniqueIdentifier>{2ffda6bd-1fbc-4b90-b981-569a800a26d9}</UniqueIdentifier>
    </Filter>
  </ItemGroup>
  <ItemGroup>
    <ClCompile Include="main.cpp">
      <Filter>src</Filter>
    </ClCompile>
    <ClCompile Include="Debug\moc_mainwindow.cpp">
      <Filter>Generated Files\Debug</Filter>
    </ClCompile>
    <ClCompile Include="Release\moc_mainwindow.cpp">
      <Filter>Generated Files\Release</Filter>
    </ClCompile>
    <ClCompile Include="GeneratedFiles\qrc_res.cpp">
      <Filter>Generated Files</Filter>
    </ClCompile>
    <ClCompile Include="stockinput_dlg.cpp">
      <Filter>win</Filter>
    </ClCompile>
    <ClCompile Include="mainwindow.cpp">
      <Filter>win</Filter>
    </ClCompile>
    <ClCompile Include="stkfo_common.cpp">
      <Filter>include</Filter>
    </ClCompile>
    <ClCompile Include="Debug\moc_title_bar.cpp">
      <Filter>Generated Files\Debug</Filter>
    </ClCompile>
    <ClCompile Include="Release\moc_title_bar.cpp">
      <Filter>Generated Files\Release</Filter>
    </ClCompile>
    <ClCompile Include="Debug\moc_tool_bar.cpp">
      <Filter>Generated Files\Debug</Filter>
    </ClCompile>
    <ClCompile Include="Release\moc_tool_bar.cpp">
      <Filter>Generated Files\Release</Filter>
    </ClCompile>
    <ClCompile Include="stockdayinfo.cpp">
      <Filter>deprecate</Filter>
    </ClCompile>
    <ClCompile Include="stock_man.cpp">
      <Filter>moudle</Filter>
    </ClCompile>
    <ClCompile Include="database.cpp">
      <Filter>moudle</Filter>
    </ClCompile>
    <ClCompile Include="stk_forecast_app.cpp">
      <Filter>src</Filter>
    </ClCompile>
    <ClCompile Include="exchange_calendar.cpp">
      <Filter>moudle</Filter>
    </ClCompile>
    <ClCompile Include="forcast_man.cpp">
      <Filter>src</Filter>
    </ClCompile>
    <ClCompile Include="stock_data_man.cpp">
      <Filter>moudle</Filter>
    </ClCompile>
    <ClCompile Include="zhibiao_window.cpp">
      <Filter>win</Filter>
    </ClCompile>
    <ClCompile Include="HintList.cpp">
      <Filter>win</Filter>
    </ClCompile>
    <ClCompile Include="Debug\moc_HintList.cpp">
      <Filter>Generated Files\Debug</Filter>
    </ClCompile>
    <ClCompile Include="Release\moc_HintList.cpp">
      <Filter>Generated Files\Release</Filter>
    </ClCompile>
    <ClCompile Include="Debug\moc_stockinput_dlg.cpp">
      <Filter>Generated Files\Debug</Filter>
    </ClCompile>
    <ClCompile Include="Release\moc_stockinput_dlg.cpp">
      <Filter>Generated Files\Release</Filter>
    </ClCompile>
    <ClCompile Include="code_list_wall.cpp">
      <Filter>win</Filter>
    </ClCompile>
    <ClCompile Include="Debug\moc_code_list_wall.cpp">
      <Filter>Generated Files\Debug</Filter>
    </ClCompile>
    <ClCompile Include="Release\moc_code_list_wall.cpp">
      <Filter>Generated Files\Release</Filter>
    </ClCompile>
    <ClCompile Include="tool_bar.cpp">
      <Filter>moudle\ui_moudle</Filter>
    </ClCompile>
    <ClCompile Include="title_bar.cpp">
      <Filter>moudle\ui_moudle</Filter>
    </ClCompile>
    <ClCompile Include="tdx_hq_wrapper.cpp">
      <Filter>moudle\tdx</Filter>
    </ClCompile>
    <ClCompile Include="py_data_man.cpp">
      <Filter>moudle\python</Filter>
    </ClCompile>
    <ClCompile Include="zhibiao.cpp">
      <Filter>moudle\zhibiao</Filter>
    </ClCompile>
    <ClCompile Include="qrc_res.cpp" />
    <ClCompile Include="favorite_codes_serial.cpp">
      <Filter>moudle</Filter>
    </ClCompile>
    <ClCompile Include="statistic_dlg.cpp">
      <Filter>win</Filter>
    </ClCompile>
    <ClCompile Include="Debug\moc_statistic_dlg.cpp">
      <Filter>Generated Files\Debug</Filter>
    </ClCompile>
    <ClCompile Include="Release\moc_statistic_dlg.cpp">
      <Filter>Generated Files\Release</Filter>
    </ClCompile>
    <ClCompile Include="Debug\moc_kline_wall.cpp">
      <Filter>Generated Files\Debug</Filter>
    </ClCompile>
    <ClCompile Include="Release\moc_kline_wall.cpp">
      <Filter>Generated Files\Release</Filter>
    </ClCompile>
    <ClCompile Include="kline_wall_paint.cpp">
      <Filter>win</Filter>
    </ClCompile>
    <ClCompile Include="kline_wall.cpp">
      <Filter>win</Filter>
    </ClCompile>
    <ClCompile Include="Debug\moc_train_dlg.cpp">
      <Filter>Generated Files\Debug</Filter>
    </ClCompile>
    <ClCompile Include="Release\moc_train_dlg.cpp">
      <Filter>Generated Files\Release</Filter>
    </ClCompile>
    <ClCompile Include="train_dlg.cpp">
      <Filter>win</Filter>
    </ClCompile>
  </ItemGroup>
  <ItemGroup>
    <CustomBuild Include="klinewall.ui">
      <Filter>Form Files</Filter>
    </CustomBuild>
    <CustomBuild Include="stockinputdlg.ui">
      <Filter>Form Files</Filter>
    </CustomBuild>
    <CustomBuild Include="stk_forecast_app.h">
      <Filter>src</Filter>
    </CustomBuild>
    <CustomBuild Include="HintList.h">
      <Filter>win</Filter>
    </CustomBuild>
    <CustomBuild Include="stockinput_dlg.h">
      <Filter>win</Filter>
    </CustomBuild>
    <CustomBuild Include="codelistwall.ui">
      <Filter>Form Files</Filter>
    </CustomBuild>
    <CustomBuild Include="code_list_wall.h">
      <Filter>win</Filter>
    </CustomBuild>
    <CustomBuild Include="tool_bar.h">
      <Filter>moudle\ui_moudle</Filter>
    </CustomBuild>
    <CustomBuild Include="title_bar.h">
      <Filter>moudle\ui_moudle</Filter>
    </CustomBuild>
    <CustomBuild Include="statisticdlg.ui">
      <Filter>Form Files</Filter>
    </CustomBuild>
    <CustomBuild Include="statistic_dlg.h">
      <Filter>win</Filter>
    </CustomBuild>
    <CustomBuild Include="kline_wall.h">
      <Filter>win</Filter>
    </CustomBuild>
    <CustomBuild Include="traindlg.ui">
      <Filter>Form Files</Filter>
    </CustomBuild>
    <CustomBuild Include="train_dlg.h">
      <Filter>win</Filter>
    </CustomBuild>
  </ItemGroup>
  <ItemGroup>
    <CustomBuild Include="mainwindow.ui">
      <Filter>Form Files</Filter>
    </CustomBuild>
    <CustomBuild Include="mainwindow.h">
      <Filter>win</Filter>
    </CustomBuild>
  </ItemGroup>
  <ItemGroup>
    <None Include="gif\1.gif">
      <Filter>Resource</Filter>
    </None>
    <None Include="gif\2.gif">
      <Filter>Resource</Filter>
    </None>
    <None Include="gif\3.gif">
      <Filter>Resource</Filter>
    </None>
    <CustomBuild Include="res.qrc">
      <Filter>Resource</Filter>
    </CustomBuild>
  </ItemGroup>
  <ItemGroup>
    <ClInclude Include="GeneratedFiles\ui_mainwindow.h">
      <Filter>Generated Files</Filter>
    </ClInclude>
    <ClInclude Include="GeneratedFiles\ui_klinewall.h">
      <Filter>Generated Files</Filter>
    </ClInclude>
    <ClInclude Include="include\stk_quoter_api.h">
      <Filter>include</Filter>
    </ClInclude>
    <ClInclude Include="GeneratedFiles\ui_stockinputdlg.h">
      <Filter>Generated Files</Filter>
    </ClInclude>
    <ClInclude Include="stkfo_common.h">
      <Filter>include</Filter>
    </ClInclude>
    <ClInclude Include="stockdayinfo.h">
      <Filter>deprecate</Filter>
    </ClInclude>
    <ClInclude Include="stock_man.h">
      <Filter>moudle</Filter>
    </ClInclude>
    <ClInclude Include="database.h">
      <Filter>moudle</Filter>
    </ClInclude>
    <ClInclude Include="exchange_calendar.h">
      <Filter>moudle</Filter>
    </ClInclude>
    <ClInclude Include="forcast_man.h">
      <Filter>src</Filter>
    </ClInclude>
    <ClInclude Include="include\winner_hq_api.h">
      <Filter>include</Filter>
    </ClInclude>
    <ClInclude Include="stock_data_man.h">
      <Filter>moudle</Filter>
    </ClInclude>
    <ClInclude Include="tdxhq\ExHqApi.h">
      <Filter>include\tdxhq</Filter>
    </ClInclude>
    <ClInclude Include="tdxhq\HqApi.h">
      <Filter>include\tdxhq</Filter>
    </ClInclude>
    <ClInclude Include="tdxhq\L2HqApi.h">
      <Filter>include\tdxhq</Filter>
    </ClInclude>
    <ClInclude Include="tdxhq\TradeApi-M.h">
      <Filter>include\tdxhq</Filter>
    </ClInclude>
    <ClInclude Include="zhibiao_window.h">
      <Filter>win</Filter>
    </ClInclude>
    <ClInclude Include="GeneratedFiles\ui_codelistwall.h">
      <Filter>Generated Files</Filter>
    </ClInclude>
    <ClInclude Include="tdx_hq_wrapper.h">
      <Filter>moudle\tdx</Filter>
    </ClInclude>
    <ClInclude Include="py_data_man.h">
      <Filter>moudle\python</Filter>
    </ClInclude>
    <ClInclude Include="zhibiao.h">
      <Filter>moudle\zhibiao</Filter>
    </ClInclude>
    <ClInclude Include="favorite_codes_serial.h">
      <Filter>moudle</Filter>
    </ClInclude>
    <ClInclude Include="GeneratedFiles\ui_statisticdlg.h">
      <Filter>Generated Files</Filter>
    </ClInclude>
    <ClInclude Include="GeneratedFiles\ui_traindlg.h">
      <Filter>Generated Files</Filter>
    </ClInclude>
  </ItemGroup>
  <ItemGroup>
    <Text Include="readme.txt" />
  </ItemGroup>
</Project>